// !$*UTF8*$!
{
	archiveVersion = 1;
	classes = {
	};
	objectVersion = 46;
	objects = {

/* Begin PBXBuildFile section */
		014F848A1FE22C0B0089ABB2 /* ShareViewController.swift in Sources */ = {isa = PBXBuildFile; fileRef = 014F84891FE22C0B0089ABB2 /* ShareViewController.swift */; };
		014F848D1FE22C0B0089ABB2 /* MainInterface.storyboard in Resources */ = {isa = PBXBuildFile; fileRef = 014F848B1FE22C0B0089ABB2 /* MainInterface.storyboard */; };
		014F84911FE22C0B0089ABB2 /* Offline.appex in Embed App Extensions */ = {isa = PBXBuildFile; fileRef = 014F84871FE22C0B0089ABB2 /* Offline.appex */; settings = {ATTRIBUTES = (RemoveHeadersOnCopy, ); }; };
		014F84971FE230030089ABB2 /* getData.js in Resources */ = {isa = PBXBuildFile; fileRef = 014F84961FE230030089ABB2 /* getData.js */; };
		017E0ABD1FD9051700623DBE /* AppDelegate.swift in Sources */ = {isa = PBXBuildFile; fileRef = 017E0ABC1FD9051700623DBE /* AppDelegate.swift */; };
		017E0ABF1FD9051700623DBE /* ViewController.swift in Sources */ = {isa = PBXBuildFile; fileRef = 017E0ABE1FD9051700623DBE /* ViewController.swift */; };
		017E0AC21FD9051700623DBE /* Main.storyboard in Resources */ = {isa = PBXBuildFile; fileRef = 017E0AC01FD9051700623DBE /* Main.storyboard */; };
		017E0AC41FD9051700623DBE /* Assets.xcassets in Resources */ = {isa = PBXBuildFile; fileRef = 017E0AC31FD9051700623DBE /* Assets.xcassets */; };
		017E0AC71FD9051700623DBE /* LaunchScreen.storyboard in Resources */ = {isa = PBXBuildFile; fileRef = 017E0AC51FD9051700623DBE /* LaunchScreen.storyboard */; };
		017E0AD21FD9051700623DBE /* offline_iphoneTests.swift in Sources */ = {isa = PBXBuildFile; fileRef = 017E0AD11FD9051700623DBE /* offline_iphoneTests.swift */; };
		017E0ADD1FD9051700623DBE /* offline_iphoneUITests.swift in Sources */ = {isa = PBXBuildFile; fileRef = 017E0ADC1FD9051700623DBE /* offline_iphoneUITests.swift */; };
		01E8B0FD1FE3A085004007FD /* Site.swift in Sources */ = {isa = PBXBuildFile; fileRef = 01E8B0FC1FE3A085004007FD /* Site.swift */; };
		01E8B0FE1FE3A0C2004007FD /* Site.swift in Sources */ = {isa = PBXBuildFile; fileRef = 01E8B0FC1FE3A085004007FD /* Site.swift */; };
/* End PBXBuildFile section */

/* Begin PBXContainerItemProxy section */
		014F848F1FE22C0B0089ABB2 /* PBXContainerItemProxy */ = {
			isa = PBXContainerItemProxy;
			containerPortal = 017E0AB11FD9051700623DBE /* Project object */;
			proxyType = 1;
			remoteGlobalIDString = 014F84861FE22C0B0089ABB2;
			remoteInfo = Offline;
		};
		017E0ACE1FD9051700623DBE /* PBXContainerItemProxy */ = {
			isa = PBXContainerItemProxy;
			containerPortal = 017E0AB11FD9051700623DBE /* Project object */;
			proxyType = 1;
			remoteGlobalIDString = 017E0AB81FD9051700623DBE;
			remoteInfo = "offline-iphone";
		};
		017E0AD91FD9051700623DBE /* PBXContainerItemProxy */ = {
			isa = PBXContainerItemProxy;
			containerPortal = 017E0AB11FD9051700623DBE /* Project object */;
			proxyType = 1;
			remoteGlobalIDString = 017E0AB81FD9051700623DBE;
			remoteInfo = "offline-iphone";
		};
/* End PBXContainerItemProxy section */

/* Begin PBXCopyFilesBuildPhase section */
		014F84951FE22C0B0089ABB2 /* Embed App Extensions */ = {
			isa = PBXCopyFilesBuildPhase;
			buildActionMask = 2147483647;
			dstPath = "";
			dstSubfolderSpec = 13;
			files = (
				014F84911FE22C0B0089ABB2 /* Offline.appex in Embed App Extensions */,
			);
			name = "Embed App Extensions";
			runOnlyForDeploymentPostprocessing = 0;
		};
/* End PBXCopyFilesBuildPhase section */

/* Begin PBXFileReference section */
		013E54721FE5B0B100F5CACF /* offline-iphone.entitlements */ = {isa = PBXFileReference; lastKnownFileType = text.plist.entitlements; path = "offline-iphone.entitlements"; sourceTree = "<group>"; };
		013E54731FE5B0B800F5CACF /* Offline.entitlements */ = {isa = PBXFileReference; lastKnownFileType = text.plist.entitlements; path = Offline.entitlements; sourceTree = "<group>"; };
		014F84871FE22C0B0089ABB2 /* Offline.appex */ = {isa = PBXFileReference; explicitFileType = "wrapper.app-extension"; includeInIndex = 0; path = Offline.appex; sourceTree = BUILT_PRODUCTS_DIR; };
		014F84891FE22C0B0089ABB2 /* ShareViewController.swift */ = {isa = PBXFileReference; lastKnownFileType = sourcecode.swift; path = ShareViewController.swift; sourceTree = "<group>"; };
		014F848C1FE22C0B0089ABB2 /* Base */ = {isa = PBXFileReference; lastKnownFileType = file.storyboard; name = Base; path = Base.lproj/MainInterface.storyboard; sourceTree = "<group>"; };
		014F848E1FE22C0B0089ABB2 /* Info.plist */ = {isa = PBXFileReference; lastKnownFileType = text.plist.xml; path = Info.plist; sourceTree = "<group>"; };
		014F84961FE230030089ABB2 /* getData.js */ = {isa = PBXFileReference; fileEncoding = 4; lastKnownFileType = sourcecode.javascript; path = getData.js; sourceTree = "<group>"; };
		017E0AB91FD9051700623DBE /* offline-iphone.app */ = {isa = PBXFileReference; explicitFileType = wrapper.application; includeInIndex = 0; path = "offline-iphone.app"; sourceTree = BUILT_PRODUCTS_DIR; };
		017E0ABC1FD9051700623DBE /* AppDelegate.swift */ = {isa = PBXFileReference; lastKnownFileType = sourcecode.swift; path = AppDelegate.swift; sourceTree = "<group>"; };
		017E0ABE1FD9051700623DBE /* ViewController.swift */ = {isa = PBXFileReference; lastKnownFileType = sourcecode.swift; path = ViewController.swift; sourceTree = "<group>"; };
		017E0AC11FD9051700623DBE /* Base */ = {isa = PBXFileReference; lastKnownFileType = file.storyboard; name = Base; path = Base.lproj/Main.storyboard; sourceTree = "<group>"; };
		017E0AC31FD9051700623DBE /* Assets.xcassets */ = {isa = PBXFileReference; lastKnownFileType = folder.assetcatalog; path = Assets.xcassets; sourceTree = "<group>"; };
		017E0AC61FD9051700623DBE /* Base */ = {isa = PBXFileReference; lastKnownFileType = file.storyboard; name = Base; path = Base.lproj/LaunchScreen.storyboard; sourceTree = "<group>"; };
		017E0AC81FD9051700623DBE /* Info.plist */ = {isa = PBXFileReference; lastKnownFileType = text.plist.xml; path = Info.plist; sourceTree = "<group>"; };
		017E0ACD1FD9051700623DBE /* offline-iphoneTests.xctest */ = {isa = PBXFileReference; explicitFileType = wrapper.cfbundle; includeInIndex = 0; path = "offline-iphoneTests.xctest"; sourceTree = BUILT_PRODUCTS_DIR; };
		017E0AD11FD9051700623DBE /* offline_iphoneTests.swift */ = {isa = PBXFileReference; lastKnownFileType = sourcecode.swift; path = offline_iphoneTests.swift; sourceTree = "<group>"; };
		017E0AD31FD9051700623DBE /* Info.plist */ = {isa = PBXFileReference; lastKnownFileType = text.plist.xml; path = Info.plist; sourceTree = "<group>"; };
		017E0AD81FD9051700623DBE /* offline-iphoneUITests.xctest */ = {isa = PBXFileReference; explicitFileType = wrapper.cfbundle; includeInIndex = 0; path = "offline-iphoneUITests.xctest"; sourceTree = BUILT_PRODUCTS_DIR; };
		017E0ADC1FD9051700623DBE /* offline_iphoneUITests.swift */ = {isa = PBXFileReference; lastKnownFileType = sourcecode.swift; path = offline_iphoneUITests.swift; sourceTree = "<group>"; };
		017E0ADE1FD9051700623DBE /* Info.plist */ = {isa = PBXFileReference; lastKnownFileType = text.plist.xml; path = Info.plist; sourceTree = "<group>"; };
		01E8B0FC1FE3A085004007FD /* Site.swift */ = {isa = PBXFileReference; fileEncoding = 4; lastKnownFileType = sourcecode.swift; path = Site.swift; sourceTree = "<group>"; };
/* End PBXFileReference section */

/* Begin PBXFrameworksBuildPhase section */
		014F84841FE22C0B0089ABB2 /* Frameworks */ = {
			isa = PBXFrameworksBuildPhase;
			buildActionMask = 2147483647;
			files = (
			);
			runOnlyForDeploymentPostprocessing = 0;
		};
		017E0AB61FD9051700623DBE /* Frameworks */ = {
			isa = PBXFrameworksBuildPhase;
			buildActionMask = 2147483647;
			files = (
			);
			runOnlyForDeploymentPostprocessing = 0;
		};
		017E0ACA1FD9051700623DBE /* Frameworks */ = {
			isa = PBXFrameworksBuildPhase;
			buildActionMask = 2147483647;
			files = (
			);
			runOnlyForDeploymentPostprocessing = 0;
		};
		017E0AD51FD9051700623DBE /* Frameworks */ = {
			isa = PBXFrameworksBuildPhase;
			buildActionMask = 2147483647;
			files = (
			);
			runOnlyForDeploymentPostprocessing = 0;
		};
/* End PBXFrameworksBuildPhase section */

/* Begin PBXGroup section */
		014F84881FE22C0B0089ABB2 /* Offline */ = {
			isa = PBXGroup;
			children = (
				013E54731FE5B0B800F5CACF /* Offline.entitlements */,
				014F84891FE22C0B0089ABB2 /* ShareViewController.swift */,
				014F848B1FE22C0B0089ABB2 /* MainInterface.storyboard */,
				014F848E1FE22C0B0089ABB2 /* Info.plist */,
				014F84961FE230030089ABB2 /* getData.js */,
			);
			path = Offline;
			sourceTree = "<group>";
		};
		017E0AB01FD9051700623DBE = {
			isa = PBXGroup;
			children = (
				017E0ABB1FD9051700623DBE /* offline-iphone */,
				017E0AD01FD9051700623DBE /* offline-iphoneTests */,
				017E0ADB1FD9051700623DBE /* offline-iphoneUITests */,
				014F84881FE22C0B0089ABB2 /* Offline */,
				017E0ABA1FD9051700623DBE /* Products */,
			);
			sourceTree = "<group>";
		};
		017E0ABA1FD9051700623DBE /* Products */ = {
			isa = PBXGroup;
			children = (
				017E0AB91FD9051700623DBE /* offline-iphone.app */,
				017E0ACD1FD9051700623DBE /* offline-iphoneTests.xctest */,
				017E0AD81FD9051700623DBE /* offline-iphoneUITests.xctest */,
				014F84871FE22C0B0089ABB2 /* Offline.appex */,
			);
			name = Products;
			sourceTree = "<group>";
		};
		017E0ABB1FD9051700623DBE /* offline-iphone */ = {
			isa = PBXGroup;
			children = (
				013E54721FE5B0B100F5CACF /* offline-iphone.entitlements */,
				017E0ABC1FD9051700623DBE /* AppDelegate.swift */,
				017E0ABE1FD9051700623DBE /* ViewController.swift */,
				01E8B0FC1FE3A085004007FD /* Site.swift */,
				017E0AC01FD9051700623DBE /* Main.storyboard */,
				017E0AC31FD9051700623DBE /* Assets.xcassets */,
				017E0AC51FD9051700623DBE /* LaunchScreen.storyboard */,
				017E0AC81FD9051700623DBE /* Info.plist */,
			);
			path = "offline-iphone";
			sourceTree = "<group>";
		};
		017E0AD01FD9051700623DBE /* offline-iphoneTests */ = {
			isa = PBXGroup;
			children = (
				017E0AD11FD9051700623DBE /* offline_iphoneTests.swift */,
				017E0AD31FD9051700623DBE /* Info.plist */,
			);
			path = "offline-iphoneTests";
			sourceTree = "<group>";
		};
		017E0ADB1FD9051700623DBE /* offline-iphoneUITests */ = {
			isa = PBXGroup;
			children = (
				017E0ADC1FD9051700623DBE /* offline_iphoneUITests.swift */,
				017E0ADE1FD9051700623DBE /* Info.plist */,
			);
			path = "offline-iphoneUITests";
			sourceTree = "<group>";
		};
/* End PBXGroup section */

/* Begin PBXNativeTarget section */
		014F84861FE22C0B0089ABB2 /* Offline */ = {
			isa = PBXNativeTarget;
			buildConfigurationList = 014F84941FE22C0B0089ABB2 /* Build configuration list for PBXNativeTarget "Offline" */;
			buildPhases = (
				014F84831FE22C0B0089ABB2 /* Sources */,
				014F84841FE22C0B0089ABB2 /* Frameworks */,
				014F84851FE22C0B0089ABB2 /* Resources */,
			);
			buildRules = (
			);
			dependencies = (
			);
			name = Offline;
			productName = Offline;
			productReference = 014F84871FE22C0B0089ABB2 /* Offline.appex */;
			productType = "com.apple.product-type.app-extension";
		};
		017E0AB81FD9051700623DBE /* offline-iphone */ = {
			isa = PBXNativeTarget;
			buildConfigurationList = 017E0AE11FD9051700623DBE /* Build configuration list for PBXNativeTarget "offline-iphone" */;
			buildPhases = (
				017E0AB51FD9051700623DBE /* Sources */,
				017E0AB61FD9051700623DBE /* Frameworks */,
				017E0AB71FD9051700623DBE /* Resources */,
				014F84951FE22C0B0089ABB2 /* Embed App Extensions */,
			);
			buildRules = (
			);
			dependencies = (
				014F84901FE22C0B0089ABB2 /* PBXTargetDependency */,
			);
			name = "offline-iphone";
			productName = "offline-iphone";
			productReference = 017E0AB91FD9051700623DBE /* offline-iphone.app */;
			productType = "com.apple.product-type.application";
		};
		017E0ACC1FD9051700623DBE /* offline-iphoneTests */ = {
			isa = PBXNativeTarget;
			buildConfigurationList = 017E0AE41FD9051700623DBE /* Build configuration list for PBXNativeTarget "offline-iphoneTests" */;
			buildPhases = (
				017E0AC91FD9051700623DBE /* Sources */,
				017E0ACA1FD9051700623DBE /* Frameworks */,
				017E0ACB1FD9051700623DBE /* Resources */,
			);
			buildRules = (
			);
			dependencies = (
				017E0ACF1FD9051700623DBE /* PBXTargetDependency */,
			);
			name = "offline-iphoneTests";
			productName = "offline-iphoneTests";
			productReference = 017E0ACD1FD9051700623DBE /* offline-iphoneTests.xctest */;
			productType = "com.apple.product-type.bundle.unit-test";
		};
		017E0AD71FD9051700623DBE /* offline-iphoneUITests */ = {
			isa = PBXNativeTarget;
			buildConfigurationList = 017E0AE71FD9051700623DBE /* Build configuration list for PBXNativeTarget "offline-iphoneUITests" */;
			buildPhases = (
				017E0AD41FD9051700623DBE /* Sources */,
				017E0AD51FD9051700623DBE /* Frameworks */,
				017E0AD61FD9051700623DBE /* Resources */,
			);
			buildRules = (
			);
			dependencies = (
				017E0ADA1FD9051700623DBE /* PBXTargetDependency */,
			);
			name = "offline-iphoneUITests";
			productName = "offline-iphoneUITests";
			productReference = 017E0AD81FD9051700623DBE /* offline-iphoneUITests.xctest */;
			productType = "com.apple.product-type.bundle.ui-testing";
		};
/* End PBXNativeTarget section */

/* Begin PBXProject section */
		017E0AB11FD9051700623DBE /* Project object */ = {
			isa = PBXProject;
			attributes = {
				LastSwiftUpdateCheck = 0830;
				LastUpgradeCheck = 0830;
				ORGANIZATIONNAME = "Daniel Chen";
				TargetAttributes = {
					014F84861FE22C0B0089ABB2 = {
						CreatedOnToolsVersion = 8.3.2;
						DevelopmentTeam = 23MA3L6N87;
						ProvisioningStyle = Automatic;
						SystemCapabilities = {
							com.apple.ApplicationGroups.iOS = {
								enabled = 1;
							};
						};
					};
					017E0AB81FD9051700623DBE = {
						CreatedOnToolsVersion = 8.3.2;
						DevelopmentTeam = 23MA3L6N87;
						ProvisioningStyle = Automatic;
						SystemCapabilities = {
							com.apple.ApplicationGroups.iOS = {
								enabled = 1;
							};
						};
					};
					017E0ACC1FD9051700623DBE = {
						CreatedOnToolsVersion = 8.3.2;
						ProvisioningStyle = Automatic;
						TestTargetID = 017E0AB81FD9051700623DBE;
					};
					017E0AD71FD9051700623DBE = {
						CreatedOnToolsVersion = 8.3.2;
						ProvisioningStyle = Automatic;
						TestTargetID = 017E0AB81FD9051700623DBE;
					};
				};
			};
			buildConfigurationList = 017E0AB41FD9051700623DBE /* Build configuration list for PBXProject "offline-iphone" */;
			compatibilityVersion = "Xcode 3.2";
			developmentRegion = English;
			hasScannedForEncodings = 0;
			knownRegions = (
				en,
				Base,
			);
			mainGroup = 017E0AB01FD9051700623DBE;
			productRefGroup = 017E0ABA1FD9051700623DBE /* Products */;
			projectDirPath = "";
			projectRoot = "";
			targets = (
				017E0AB81FD9051700623DBE /* offline-iphone */,
				017E0ACC1FD9051700623DBE /* offline-iphoneTests */,
				017E0AD71FD9051700623DBE /* offline-iphoneUITests */,
				014F84861FE22C0B0089ABB2 /* Offline */,
			);
		};
/* End PBXProject section */

/* Begin PBXResourcesBuildPhase section */
		014F84851FE22C0B0089ABB2 /* Resources */ = {
			isa = PBXResourcesBuildPhase;
			buildActionMask = 2147483647;
			files = (
				014F84971FE230030089ABB2 /* getData.js in Resources */,
				014F848D1FE22C0B0089ABB2 /* MainInterface.storyboard in Resources */,
			);
			runOnlyForDeploymentPostprocessing = 0;
		};
		017E0AB71FD9051700623DBE /* Resources */ = {
			isa = PBXResourcesBuildPhase;
			buildActionMask = 2147483647;
			files = (
				017E0AC71FD9051700623DBE /* LaunchScreen.storyboard in Resources */,
				017E0AC41FD9051700623DBE /* Assets.xcassets in Resources */,
				017E0AC21FD9051700623DBE /* Main.storyboard in Resources */,
			);
			runOnlyForDeploymentPostprocessing = 0;
		};
		017E0ACB1FD9051700623DBE /* Resources */ = {
			isa = PBXResourcesBuildPhase;
			buildActionMask = 2147483647;
			files = (
			);
			runOnlyForDeploymentPostprocessing = 0;
		};
		017E0AD61FD9051700623DBE /* Resources */ = {
			isa = PBXResourcesBuildPhase;
			buildActionMask = 2147483647;
			files = (
			);
			runOnlyForDeploymentPostprocessing = 0;
		};
/* End PBXResourcesBuildPhase section */

/* Begin PBXSourcesBuildPhase section */
		014F84831FE22C0B0089ABB2 /* Sources */ = {
			isa = PBXSourcesBuildPhase;
			buildActionMask = 2147483647;
			files = (
				01E8B0FE1FE3A0C2004007FD /* Site.swift in Sources */,
				014F848A1FE22C0B0089ABB2 /* ShareViewController.swift in Sources */,
			);
			runOnlyForDeploymentPostprocessing = 0;
		};
		017E0AB51FD9051700623DBE /* Sources */ = {
			isa = PBXSourcesBuildPhase;
			buildActionMask = 2147483647;
			files = (
				017E0ABF1FD9051700623DBE /* ViewController.swift in Sources */,
				01E8B0FD1FE3A085004007FD /* Site.swift in Sources */,
				017E0ABD1FD9051700623DBE /* AppDelegate.swift in Sources */,
			);
			runOnlyForDeploymentPostprocessing = 0;
		};
		017E0AC91FD9051700623DBE /* Sources */ = {
			isa = PBXSourcesBuildPhase;
			buildActionMask = 2147483647;
			files = (
				017E0AD21FD9051700623DBE /* offline_iphoneTests.swift in Sources */,
			);
			runOnlyForDeploymentPostprocessing = 0;
		};
		017E0AD41FD9051700623DBE /* Sources */ = {
			isa = PBXSourcesBuildPhase;
			buildActionMask = 2147483647;
			files = (
				017E0ADD1FD9051700623DBE /* offline_iphoneUITests.swift in Sources */,
			);
			runOnlyForDeploymentPostprocessing = 0;
		};
/* End PBXSourcesBuildPhase section */

/* Begin PBXTargetDependency section */
		014F84901FE22C0B0089ABB2 /* PBXTargetDependency */ = {
			isa = PBXTargetDependency;
			target = 014F84861FE22C0B0089ABB2 /* Offline */;
			targetProxy = 014F848F1FE22C0B0089ABB2 /* PBXContainerItemProxy */;
		};
		017E0ACF1FD9051700623DBE /* PBXTargetDependency */ = {
			isa = PBXTargetDependency;
			target = 017E0AB81FD9051700623DBE /* offline-iphone */;
			targetProxy = 017E0ACE1FD9051700623DBE /* PBXContainerItemProxy */;
		};
		017E0ADA1FD9051700623DBE /* PBXTargetDependency */ = {
			isa = PBXTargetDependency;
			target = 017E0AB81FD9051700623DBE /* offline-iphone */;
			targetProxy = 017E0AD91FD9051700623DBE /* PBXContainerItemProxy */;
		};
/* End PBXTargetDependency section */

/* Begin PBXVariantGroup section */
		014F848B1FE22C0B0089ABB2 /* MainInterface.storyboard */ = {
			isa = PBXVariantGroup;
			children = (
				014F848C1FE22C0B0089ABB2 /* Base */,
			);
			name = MainInterface.storyboard;
			sourceTree = "<group>";
		};
		017E0AC01FD9051700623DBE /* Main.storyboard */ = {
			isa = PBXVariantGroup;
			children = (
				017E0AC11FD9051700623DBE /* Base */,
			);
			name = Main.storyboard;
			sourceTree = "<group>";
		};
		017E0AC51FD9051700623DBE /* LaunchScreen.storyboard */ = {
			isa = PBXVariantGroup;
			children = (
				017E0AC61FD9051700623DBE /* Base */,
			);
			name = LaunchScreen.storyboard;
			sourceTree = "<group>";
		};
/* End PBXVariantGroup section */

/* Begin XCBuildConfiguration section */
		014F84921FE22C0B0089ABB2 /* Debug */ = {
			isa = XCBuildConfiguration;
			buildSettings = {
				CODE_SIGN_ENTITLEMENTS = Offline/Offline.entitlements;
				DEVELOPMENT_TEAM = 23MA3L6N87;
				INFOPLIST_FILE = Offline/Info.plist;
				LD_RUNPATH_SEARCH_PATHS = "$(inherited) @executable_path/Frameworks @executable_path/../../Frameworks";
				PRODUCT_BUNDLE_IDENTIFIER = "rorico.offline-iphone.Offline";
				PRODUCT_NAME = "$(TARGET_NAME)";
				SKIP_INSTALL = YES;
				SWIFT_VERSION = 3.0;
			};
			name = Debug;
		};
		014F84931FE22C0B0089ABB2 /* Release */ = {
			isa = XCBuildConfiguration;
			buildSettings = {
				CODE_SIGN_ENTITLEMENTS = Offline/Offline.entitlements;
				DEVELOPMENT_TEAM = 23MA3L6N87;
				INFOPLIST_FILE = Offline/Info.plist;
				LD_RUNPATH_SEARCH_PATHS = "$(inherited) @executable_path/Frameworks @executable_path/../../Frameworks";
				PRODUCT_BUNDLE_IDENTIFIER = "rorico.offline-iphone.Offline";
				PRODUCT_NAME = "$(TARGET_NAME)";
				SKIP_INSTALL = YES;
				SWIFT_VERSION = 3.0;
			};
			name = Release;
		};
		017E0ADF1FD9051700623DBE /* Debug */ = {
			isa = XCBuildConfiguration;
			buildSettings = {
				ALWAYS_SEARCH_USER_PATHS = NO;
				CLANG_ANALYZER_NONNULL = YES;
				CLANG_ANALYZER_NUMBER_OBJECT_CONVERSION = YES_AGGRESSIVE;
				CLANG_CXX_LANGUAGE_STANDARD = "gnu++0x";
				CLANG_CXX_LIBRARY = "libc++";
				CLANG_ENABLE_MODULES = YES;
				CLANG_ENABLE_OBJC_ARC = YES;
				CLANG_WARN_BOOL_CONVERSION = YES;
				CLANG_WARN_CONSTANT_CONVERSION = YES;
				CLANG_WARN_DIRECT_OBJC_ISA_USAGE = YES_ERROR;
				CLANG_WARN_DOCUMENTATION_COMMENTS = YES;
				CLANG_WARN_EMPTY_BODY = YES;
				CLANG_WARN_ENUM_CONVERSION = YES;
				CLANG_WARN_INFINITE_RECURSION = YES;
				CLANG_WARN_INT_CONVERSION = YES;
				CLANG_WARN_OBJC_ROOT_CLASS = YES_ERROR;
				CLANG_WARN_SUSPICIOUS_MOVE = YES;
				CLANG_WARN_UNREACHABLE_CODE = YES;
				CLANG_WARN__DUPLICATE_METHOD_MATCH = YES;
				"CODE_SIGN_IDENTITY[sdk=iphoneos*]" = "iPhone Developer";
				COPY_PHASE_STRIP = NO;
				DEBUG_INFORMATION_FORMAT = dwarf;
				ENABLE_STRICT_OBJC_MSGSEND = YES;
				ENABLE_TESTABILITY = YES;
				GCC_C_LANGUAGE_STANDARD = gnu99;
				GCC_DYNAMIC_NO_PIC = NO;
				GCC_NO_COMMON_BLOCKS = YES;
				GCC_OPTIMIZATION_LEVEL = 0;
				GCC_PREPROCESSOR_DEFINITIONS = (
					"DEBUG=1",
					"$(inherited)",
				);
				GCC_WARN_64_TO_32_BIT_CONVERSION = YES;
				GCC_WARN_ABOUT_RETURN_TYPE = YES_ERROR;
				GCC_WARN_UNDECLARED_SELECTOR = YES;
				GCC_WARN_UNINITIALIZED_AUTOS = YES_AGGRESSIVE;
				GCC_WARN_UNUSED_FUNCTION = YES;
				GCC_WARN_UNUSED_VARIABLE = YES;
				IPHONEOS_DEPLOYMENT_TARGET = 10.3;
				MTL_ENABLE_DEBUG_INFO = YES;
				ONLY_ACTIVE_ARCH = YES;
				SDKROOT = iphoneos;
				SWIFT_ACTIVE_COMPILATION_CONDITIONS = DEBUG;
				SWIFT_OPTIMIZATION_LEVEL = "-Onone";
				TARGETED_DEVICE_FAMILY = "1,2";
			};
			name = Debug;
		};
		017E0AE01FD9051700623DBE /* Release */ = {
			isa = XCBuildConfiguration;
			buildSettings = {
				ALWAYS_SEARCH_USER_PATHS = NO;
				CLANG_ANALYZER_NONNULL = YES;
				CLANG_ANALYZER_NUMBER_OBJECT_CONVERSION = YES_AGGRESSIVE;
				CLANG_CXX_LANGUAGE_STANDARD = "gnu++0x";
				CLANG_CXX_LIBRARY = "libc++";
				CLANG_ENABLE_MODULES = YES;
				CLANG_ENABLE_OBJC_ARC = YES;
				CLANG_WARN_BOOL_CONVERSION = YES;
				CLANG_WARN_CONSTANT_CONVERSION = YES;
				CLANG_WARN_DIRECT_OBJC_ISA_USAGE = YES_ERROR;
				CLANG_WARN_DOCUMENTATION_COMMENTS = YES;
				CLANG_WARN_EMPTY_BODY = YES;
				CLANG_WARN_ENUM_CONVERSION = YES;
				CLANG_WARN_INFINITE_RECURSION = YES;
				CLANG_WARN_INT_CONVERSION = YES;
				CLANG_WARN_OBJC_ROOT_CLASS = YES_ERROR;
				CLANG_WARN_SUSPICIOUS_MOVE = YES;
				CLANG_WARN_UNREACHABLE_CODE = YES;
				CLANG_WARN__DUPLICATE_METHOD_MATCH = YES;
				"CODE_SIGN_IDENTITY[sdk=iphoneos*]" = "iPhone Developer";
				COPY_PHASE_STRIP = NO;
				DEBUG_INFORMATION_FORMAT = "dwarf-with-dsym";
				ENABLE_NS_ASSERTIONS = NO;
				ENABLE_STRICT_OBJC_MSGSEND = YES;
				GCC_C_LANGUAGE_STANDARD = gnu99;
				GCC_NO_COMMON_BLOCKS = YES;
				GCC_WARN_64_TO_32_BIT_CONVERSION = YES;
				GCC_WARN_ABOUT_RETURN_TYPE = YES_ERROR;
				GCC_WARN_UNDECLARED_SELECTOR = YES;
				GCC_WARN_UNINITIALIZED_AUTOS = YES_AGGRESSIVE;
				GCC_WARN_UNUSED_FUNCTION = YES;
				GCC_WARN_UNUSED_VARIABLE = YES;
				IPHONEOS_DEPLOYMENT_TARGET = 10.3;
				MTL_ENABLE_DEBUG_INFO = NO;
				SDKROOT = iphoneos;
				SWIFT_OPTIMIZATION_LEVEL = "-Owholemodule";
				TARGETED_DEVICE_FAMILY = "1,2";
				VALIDATE_PRODUCT = YES;
			};
			name = Release;
		};
		017E0AE21FD9051700623DBE /* Debug */ = {
			isa = XCBuildConfiguration;
			buildSettings = {
				ALWAYS_EMBED_SWIFT_STANDARD_LIBRARIES = YES;
				ASSETCATALOG_COMPILER_APPICON_NAME = AppIcon;
				CODE_SIGN_ENTITLEMENTS = "offline-iphone/offline-iphone.entitlements";
				DEVELOPMENT_TEAM = 23MA3L6N87;
				INFOPLIST_FILE = "offline-iphone/Info.plist";
				LD_RUNPATH_SEARCH_PATHS = "$(inherited) @executable_path/Frameworks";
				PRODUCT_BUNDLE_IDENTIFIER = "rorico.offline-iphone";
				PRODUCT_NAME = "$(TARGET_NAME)";
				SWIFT_VERSION = 3.0;
			};
			name = Debug;
		};
		017E0AE31FD9051700623DBE /* Release */ = {
			isa = XCBuildConfiguration;
			buildSettings = {
				ALWAYS_EMBED_SWIFT_STANDARD_LIBRARIES = YES;
				ASSETCATALOG_COMPILER_APPICON_NAME = AppIcon;
				CODE_SIGN_ENTITLEMENTS = "offline-iphone/offline-iphone.entitlements";
				DEVELOPMENT_TEAM = 23MA3L6N87;
				INFOPLIST_FILE = "offline-iphone/Info.plist";
				LD_RUNPATH_SEARCH_PATHS = "$(inherited) @executable_path/Frameworks";
				PRODUCT_BUNDLE_IDENTIFIER = "rorico.offline-iphone";
				PRODUCT_NAME = "$(TARGET_NAME)";
				SWIFT_VERSION = 3.0;
			};
			name = Release;
		};
		017E0AE51FD9051700623DBE /* Debug */ = {
			isa = XCBuildConfiguration;
			buildSettings = {
				ALWAYS_EMBED_SWIFT_STANDARD_LIBRARIES = YES;
				BUNDLE_LOADER = "$(TEST_HOST)";
				INFOPLIST_FILE = "offline-iphoneTests/Info.plist";
				LD_RUNPATH_SEARCH_PATHS = "$(inherited) @executable_path/Frameworks @loader_path/Frameworks";
				PRODUCT_BUNDLE_IDENTIFIER = "rorico.offline-iphoneTests";
				PRODUCT_NAME = "$(TARGET_NAME)";
				SWIFT_VERSION = 3.0;
				TEST_HOST = "$(BUILT_PRODUCTS_DIR)/offline-iphone.app/offline-iphone";
			};
			name = Debug;
		};
		017E0AE61FD9051700623DBE /* Release */ = {
			isa = XCBuildConfiguration;
			buildSettings = {
				ALWAYS_EMBED_SWIFT_STANDARD_LIBRARIES = YES;
				BUNDLE_LOADER = "$(TEST_HOST)";
				INFOPLIST_FILE = "offline-iphoneTests/Info.plist";
				LD_RUNPATH_SEARCH_PATHS = "$(inherited) @executable_path/Frameworks @loader_path/Frameworks";
				PRODUCT_BUNDLE_IDENTIFIER = "rorico.offline-iphoneTests";
				PRODUCT_NAME = "$(TARGET_NAME)";
				SWIFT_VERSION = 3.0;
				TEST_HOST = "$(BUILT_PRODUCTS_DIR)/offline-iphone.app/offline-iphone";
			};
			name = Release;
		};
		017E0AE81FD9051700623DBE /* Debug */ = {
			isa = XCBuildConfiguration;
			buildSettings = {
				ALWAYS_EMBED_SWIFT_STANDARD_LIBRARIES = YES;
				INFOPLIST_FILE = "offline-iphoneUITests/Info.plist";
				LD_RUNPATH_SEARCH_PATHS = "$(inherited) @executable_path/Frameworks @loader_path/Frameworks";
				PRODUCT_BUNDLE_IDENTIFIER = "rorico.offline-iphoneUITests";
				PRODUCT_NAME = "$(TARGET_NAME)";
				SWIFT_VERSION = 3.0;
				TEST_TARGET_NAME = "offline-iphone";
			};
			name = Debug;
		};
		017E0AE91FD9051700623DBE /* Release */ = {
			isa = XCBuildConfiguration;
			buildSettings = {
				ALWAYS_EMBED_SWIFT_STANDARD_LIBRARIES = YES;
				INFOPLIST_FILE = "offline-iphoneUITests/Info.plist";
				LD_RUNPATH_SEARCH_PATHS = "$(inherited) @executable_path/Frameworks @loader_path/Frameworks";
				PRODUCT_BUNDLE_IDENTIFIER = "rorico.offline-iphoneUITests";
				PRODUCT_NAME = "$(TARGET_NAME)";
				SWIFT_VERSION = 3.0;
				TEST_TARGET_NAME = "offline-iphone";
			};
			name = Release;
		};
/* End XCBuildConfiguration section */

/* Begin XCConfigurationList section */
		014F84941FE22C0B0089ABB2 /* Build configuration list for PBXNativeTarget "Offline" */ = {
			isa = XCConfigurationList;
			buildConfigurations = (
				014F84921FE22C0B0089ABB2 /* Debug */,
				014F84931FE22C0B0089ABB2 /* Release */,
			);
			defaultConfigurationIsVisible = 0;
			defaultConfigurationName = Release;
		};
		017E0AB41FD9051700623DBE /* Build configuration list for PBXProject "offline-iphone" */ = {
			isa = XCConfigurationList;
			buildConfigurations = (
				017E0ADF1FD9051700623DBE /* Debug */,
				017E0AE01FD9051700623DBE /* Release */,
			);
			defaultConfigurationIsVisible = 0;
			defaultConfigurationName = Release;
		};
		017E0AE11FD9051700623DBE /* Build configuration list for PBXNativeTarget "offline-iphone" */ = {
			isa = XCConfigurationList;
			buildConfigurations = (
				017E0AE21FD9051700623DBE /* Debug */,
				017E0AE31FD9051700623DBE /* Release */,
			);
			defaultConfigurationIsVisible = 0;
			defaultConfigurationName = Release;
		};
		017E0AE41FD9051700623DBE /* Build configuration list for PBXNativeTarget "offline-iphoneTests" */ = {
			isa = XCConfigurationList;
			buildConfigurations = (
				017E0AE51FD9051700623DBE /* Debug */,
				017E0AE61FD9051700623DBE /* Release */,
			);
			defaultConfigurationIsVisible = 0;
			defaultConfigurationName = Release;
		};
		017E0AE71FD9051700623DBE /* Build configuration list for PBXNativeTarget "offline-iphoneUITests" */ = {
			isa = XCConfigurationList;
			buildConfigurations = (
				017E0AE81FD9051700623DBE /* Debug */,
				017E0AE91FD9051700623DBE /* Release */,
			);
			defaultConfigurationIsVisible = 0;
			defaultConfigurationName = Release;
		};
/* End XCConfigurationList section */
	};
	rootObject = 017E0AB11FD9051700623DBE /* Project object */;
}
